
Microsoft Visual Studio Solution File, Format Version 12.00
# Visual Studio Version 17
VisualStudioVersion = 17.3.32825.248
MinimumVisualStudioVersion = 10.0.40219.1
Project("{2150E333-8FDC-42A3-9474-1A3956D46DE8}") = "src", "src", "{61C76F34-D734-4C71-847B-B56DA02E547D}"
EndProject
Project("{2150E333-8FDC-42A3-9474-1A3956D46DE8}") = "Api", "Api", "{29C9601D-1EC3-4AB3-888C-DEE8F1C2763C}"
EndProject
Project("{2150E333-8FDC-42A3-9474-1A3956D46DE8}") = "Clients", "Clients", "{2B95C829-DD12-41B9-B6BD-3F6FBCBF5834}"
EndProject
Project("{2150E333-8FDC-42A3-9474-1A3956D46DE8}") = "Common", "Common", "{8E516DBC-ED09-4D5A-981E-CFE0AB63B035}"
EndProject
Project("{2150E333-8FDC-42A3-9474-1A3956D46DE8}") = "Projections", "Projections", "{8901CB10-23D0-402A-955C-F96FD0C223A8}"
EndProject
Project("{2150E333-8FDC-42A3-9474-1A3956D46DE8}") = "Core", "Core", "{B7685623-CAB2-4C34-A8C4-63AEEEE0BD71}"
EndProject
Project("{2150E333-8FDC-42A3-9474-1A3956D46DE8}") = "Infrastructure", "Infrastructure", "{04DD35D3-F9F3-4549-9912-89B594399E1E}"
EndProject
Project("{2150E333-8FDC-42A3-9474-1A3956D46DE8}") = "WebApi", "WebApi", "{2DAD7D9C-13F6-4C49-9D6D-FED432BC6E21}"
EndProject
Project("{2150E333-8FDC-42A3-9474-1A3956D46DE8}") = "BlazorWeb", "BlazorWeb", "{777A7551-C8DF-4E11-ABE7-5F5EB8F31CF7}"
EndProject
Project("{9A19103F-16F7-4668-BE54-9A1E7A4F7556}") = "BlazorSozluk.Common", "src\Common\BlazorSozluk.Common\BlazorSozluk.Common.csproj", "{9E22CC2D-71E4-43DD-ABA6-51C9AB0FAA13}"
EndProject
Project("{9A19103F-16F7-4668-BE54-9A1E7A4F7556}") = "BlazorSozluk.Api.Domain", "src\Api\Core\BlazorSozluk.Api.Domain\BlazorSozluk.Api.Domain.csproj", "{1D5D07FD-C8B7-4A0B-B1A7-3E2EDAC58AC5}"
EndProject
Project("{9A19103F-16F7-4668-BE54-9A1E7A4F7556}") = "BlazorSozluk.Api.Application", "src\Api\Core\BlazorSozluk.Api.Application\BlazorSozluk.Api.Application.csproj", "{3479B2EE-C915-483B-9D69-62368780CEC2}"
EndProject
Project("{9A19103F-16F7-4668-BE54-9A1E7A4F7556}") = "BlazorSozluk.Api.Infrastructure.Persistence", "src\Api\Infrastructure\BlazorSozluk.Infrastructure.Persistence\BlazorSozluk.Api.Infrastructure.Persistence.csproj", "{A25DB7EC-4B71-4129-929D-3D0841EBEEA1}"
EndProject
Project("{9A19103F-16F7-4668-BE54-9A1E7A4F7556}") = "BlazorSozluk.Api.WebApi", "src\Api\WebApi\BlazorSozluk.Api.WebApi\BlazorSozluk.Api.WebApi.csproj", "{D98872C9-6D7C-4986-A3B9-D3E9221BC8F5}"
EndProject
Project("{9A19103F-16F7-4668-BE54-9A1E7A4F7556}") = "BlazorSozluk.Projections.FavoriteService", "src\Projections\BlazorSozluk.Projections.FavoriteService\BlazorSozluk.Projections.FavoriteService.csproj", "{75375D98-236C-45F2-AA7D-C7260B6FEB89}"
EndProject
Project("{9A19103F-16F7-4668-BE54-9A1E7A4F7556}") = "BlazorSozluk.Projections.UserService", "src\Projections\BlazorSozluk.Projections.User\BlazorSozluk.Projections.UserService.csproj", "{AAEE7E60-D92B-4786-A835-DCC92D27E8F4}"
EndProject
Project("{9A19103F-16F7-4668-BE54-9A1E7A4F7556}") = "BlazorSozluk.Projections.VoteService", "src\Projections\BlazorSozluk.Projections.VoteService\BlazorSozluk.Projections.VoteService.csproj", "{6FED37FC-A9CE-43CB-AB97-7BDEF49D4931}"
EndProject
Project("{9A19103F-16F7-4668-BE54-9A1E7A4F7556}") = "BlazorSozluk.WebApp", "src\Clients\BlazorWeb\BlazorSozluk.WebApp\BlazorSozluk.WebApp.csproj", "{D2D5A724-819D-42C8-8507-DFB46AD7DD74}"
EndProject
Global
	GlobalSection(SolutionConfigurationPlatforms) = preSolution
		Debug|Any CPU = Debug|Any CPU
		Release|Any CPU = Release|Any CPU
	EndGlobalSection
	GlobalSection(ProjectConfigurationPlatforms) = postSolution
		{9E22CC2D-71E4-43DD-ABA6-51C9AB0FAA13}.Debug|Any CPU.ActiveCfg = Debug|Any CPU
		{9E22CC2D-71E4-43DD-ABA6-51C9AB0FAA13}.Debug|Any CPU.Build.0 = Debug|Any CPU
		{9E22CC2D-71E4-43DD-ABA6-51C9AB0FAA13}.Release|Any CPU.ActiveCfg = Release|Any CPU
		{9E22CC2D-71E4-43DD-ABA6-51C9AB0FAA13}.Release|Any CPU.Build.0 = Release|Any CPU
		{1D5D07FD-C8B7-4A0B-B1A7-3E2EDAC58AC5}.Debug|Any CPU.ActiveCfg = Debug|Any CPU
		{1D5D07FD-C8B7-4A0B-B1A7-3E2EDAC58AC5}.Debug|Any CPU.Build.0 = Debug|Any CPU
		{1D5D07FD-C8B7-4A0B-B1A7-3E2EDAC58AC5}.Release|Any CPU.ActiveCfg = Release|Any CPU
		{1D5D07FD-C8B7-4A0B-B1A7-3E2EDAC58AC5}.Release|Any CPU.Build.0 = Release|Any CPU
		{3479B2EE-C915-483B-9D69-62368780CEC2}.Debug|Any CPU.ActiveCfg = Debug|Any CPU
		{3479B2EE-C915-483B-9D69-62368780CEC2}.Debug|Any CPU.Build.0 = Debug|Any CPU
		{3479B2EE-C915-483B-9D69-62368780CEC2}.Release|Any CPU.ActiveCfg = Release|Any CPU
		{3479B2EE-C915-483B-9D69-62368780CEC2}.Release|Any CPU.Build.0 = Release|Any CPU
		{A25DB7EC-4B71-4129-929D-3D0841EBEEA1}.Debug|Any CPU.ActiveCfg = Debug|Any CPU
		{A25DB7EC-4B71-4129-929D-3D0841EBEEA1}.Debug|Any CPU.Build.0 = Debug|Any CPU
		{A25DB7EC-4B71-4129-929D-3D0841EBEEA1}.Release|Any CPU.ActiveCfg = Release|Any CPU
		{A25DB7EC-4B71-4129-929D-3D0841EBEEA1}.Release|Any CPU.Build.0 = Release|Any CPU
		{D98872C9-6D7C-4986-A3B9-D3E9221BC8F5}.Debug|Any CPU.ActiveCfg = Debug|Any CPU
		{D98872C9-6D7C-4986-A3B9-D3E9221BC8F5}.Debug|Any CPU.Build.0 = Debug|Any CPU
		{D98872C9-6D7C-4986-A3B9-D3E9221BC8F5}.Release|Any CPU.ActiveCfg = Release|Any CPU
		{D98872C9-6D7C-4986-A3B9-D3E9221BC8F5}.Release|Any CPU.Build.0 = Release|Any CPU
		{75375D98-236C-45F2-AA7D-C7260B6FEB89}.Debug|Any CPU.ActiveCfg = Debug|Any CPU
		{75375D98-236C-45F2-AA7D-C7260B6FEB89}.Debug|Any CPU.Build.0 = Debug|Any CPU
		{75375D98-236C-45F2-AA7D-C7260B6FEB89}.Release|Any CPU.ActiveCfg = Release|Any CPU
		{75375D98-236C-45F2-AA7D-C7260B6FEB89}.Release|Any CPU.Build.0 = Release|Any CPU
		{AAEE7E60-D92B-4786-A835-DCC92D27E8F4}.Debug|Any CPU.ActiveCfg = Debug|Any CPU
		{AAEE7E60-D92B-4786-A835-DCC92D27E8F4}.Debug|Any CPU.Build.0 = Debug|Any CPU
		{AAEE7E60-D92B-4786-A835-DCC92D27E8F4}.Release|Any CPU.ActiveCfg = Release|Any CPU
		{AAEE7E60-D92B-4786-A835-DCC92D27E8F4}.Release|Any CPU.Build.0 = Release|Any CPU
		{6FED37FC-A9CE-43CB-AB97-7BDEF49D4931}.Debug|Any CPU.ActiveCfg = Debug|Any CPU
		{6FED37FC-A9CE-43CB-AB97-7BDEF49D4931}.Debug|Any CPU.Build.0 = Debug|Any CPU
		{6FED37FC-A9CE-43CB-AB97-7BDEF49D4931}.Release|Any CPU.ActiveCfg = Release|Any CPU
		{6FED37FC-A9CE-43CB-AB97-7BDEF49D4931}.Release|Any CPU.Build.0 = Release|Any CPU
		{D2D5A724-819D-42C8-8507-DFB46AD7DD74}.Debug|Any CPU.ActiveCfg = Debug|Any CPU
		{D2D5A724-819D-42C8-8507-DFB46AD7DD74}.Debug|Any CPU.Build.0 = Debug|Any CPU
		{D2D5A724-819D-42C8-8507-DFB46AD7DD74}.Release|Any CPU.ActiveCfg = Release|Any CPU
		{D2D5A724-819D-42C8-8507-DFB46AD7DD74}.Release|Any CPU.Build.0 = Release|Any CPU
	EndGlobalSection
	GlobalSection(SolutionProperties) = preSolution
		HideSolutionNode = FALSE
	EndGlobalSection
	GlobalSection(NestedProjects) = preSolution
		{29C9601D-1EC3-4AB3-888C-DEE8F1C2763C} = {61C76F34-D734-4C71-847B-B56DA02E547D}
		{2B95C829-DD12-41B9-B6BD-3F6FBCBF5834} = {61C76F34-D734-4C71-847B-B56DA02E547D}
		{8E516DBC-ED09-4D5A-981E-CFE0AB63B035} = {61C76F34-D734-4C71-847B-B56DA02E547D}
		{8901CB10-23D0-402A-955C-F96FD0C223A8} = {61C76F34-D734-4C71-847B-B56DA02E547D}
		{B7685623-CAB2-4C34-A8C4-63AEEEE0BD71} = {29C9601D-1EC3-4AB3-888C-DEE8F1C2763C}
		{04DD35D3-F9F3-4549-9912-89B594399E1E} = {29C9601D-1EC3-4AB3-888C-DEE8F1C2763C}
		{2DAD7D9C-13F6-4C49-9D6D-FED432BC6E21} = {29C9601D-1EC3-4AB3-888C-DEE8F1C2763C}
		{777A7551-C8DF-4E11-ABE7-5F5EB8F31CF7} = {2B95C829-DD12-41B9-B6BD-3F6FBCBF5834}
		{9E22CC2D-71E4-43DD-ABA6-51C9AB0FAA13} = {8E516DBC-ED09-4D5A-981E-CFE0AB63B035}
		{1D5D07FD-C8B7-4A0B-B1A7-3E2EDAC58AC5} = {B7685623-CAB2-4C34-A8C4-63AEEEE0BD71}
		{3479B2EE-C915-483B-9D69-62368780CEC2} = {B7685623-CAB2-4C34-A8C4-63AEEEE0BD71}
		{A25DB7EC-4B71-4129-929D-3D0841EBEEA1} = {04DD35D3-F9F3-4549-9912-89B594399E1E}
		{D98872C9-6D7C-4986-A3B9-D3E9221BC8F5} = {2DAD7D9C-13F6-4C49-9D6D-FED432BC6E21}
		{75375D98-236C-45F2-AA7D-C7260B6FEB89} = {8901CB10-23D0-402A-955C-F96FD0C223A8}
		{AAEE7E60-D92B-4786-A835-DCC92D27E8F4} = {8901CB10-23D0-402A-955C-F96FD0C223A8}
		{6FED37FC-A9CE-43CB-AB97-7BDEF49D4931} = {8901CB10-23D0-402A-955C-F96FD0C223A8}
		{D2D5A724-819D-42C8-8507-DFB46AD7DD74} = {777A7551-C8DF-4E11-ABE7-5F5EB8F31CF7}
	EndGlobalSection
	GlobalSection(ExtensibilityGlobals) = postSolution
		SolutionGuid = {52BD25A9-A9DE-4E0B-A32B-1C66D649A175}
	EndGlobalSection
EndGlobal
